
Microsoft Visual Studio Solution File, Format Version 12.00
# Visual Studio Version 16
VisualStudioVersion = 16.0.30907.101
MinimumVisualStudioVersion = 10.0.40219.1
Project("{FAE04EC0-301F-11D3-BF4B-00C04F79EFBC}") = "ExampleAdapterPattern", "ExampleAdapterPattern\ExampleAdapterPattern.csproj", "{8DA61250-1A11-4D1C-BF15-78C33A721643}"
EndProject
Global
	GlobalSection(SolutionConfigurationPlatforms) = preSolution
		Debug|Any CPU = Debug|Any CPU
		Release|Any CPU = Release|Any CPU
	EndGlobalSection
	GlobalSection(ProjectConfigurationPlatforms) = postSolution
		{8DA61250-1A11-4D1C-BF15-78C33A721643}.Debug|Any CPU.ActiveCfg = Debug|Any CPU
		{8DA61250-1A11-4D1C-BF15-78C33A721643}.Debug|Any CPU.Build.0 = Debug|Any CPU
		{8DA61250-1A11-4D1C-BF15-78C33A721643}.Release|Any CPU.ActiveCfg = Release|Any CPU
		{8DA61250-1A11-4D1C-BF15-78C33A721643}.Release|Any CPU.Build.0 = Release|Any CPU
	EndGlobalSection
	GlobalSection(SolutionProperties) = preSolution
		HideSolutionNode = FALSE
	EndGlobalSection
	GlobalSection(ExtensibilityGlobals) = postSolution
		SolutionGuid = {F19E8911-A277-4AC0-BF4E-775D3A172F9E}
	EndGlobalSection
EndGlobal
